
Microsoft Visual Studio Solution File, Format Version 12.00
# Visual Studio Version 16
VisualStudioVersion = 16.0.30804.86
MinimumVisualStudioVersion = 10.0.40219.1
Project("{9A19103F-16F7-4668-BE54-9A1E7A4F7556}") = "App", "App\App.csproj", "{00100D42-513A-418A-92B4-062F03BBC666}"
EndProject
Project("{9A19103F-16F7-4668-BE54-9A1E7A4F7556}") = "App.Test", "App.Test\App.Test.csproj", "{42954C1A-90F5-4BCF-B524-3054766032FA}"
EndProject
Project("{9A19103F-16F7-4668-BE54-9A1E7A4F7556}") = "QueryWorker", "QueryWorker\QueryWorker.csproj", "{1A3CAFD1-5335-4D2B-BD0C-A55ACF72587E}"
EndProject
Project("{9A19103F-16F7-4668-BE54-9A1E7A4F7556}") = "QueryWorker.Test", "QueryWorker.Test\QueryWorker.Test.csproj", "{2B8A7A49-2A31-414C-89BD-890E8C243CC0}"
EndProject
Project("{FAE04EC0-301F-11D3-BF4B-00C04F79EFBC}") = "BookStore.Domain", "BookStore.Domain\BookStore.Domain.csproj", "{2382F31C-84B6-4569-9616-0A1AA6DC14BF}"
EndProject
Project("{FAE04EC0-301F-11D3-BF4B-00C04F79EFBC}") = "BookStore.Persistance", "BookStore.Persistance\BookStore.Persistance.csproj", "{383AEC47-5ABE-48C0-9BA0-9033F0CC076F}"
EndProject
Global
	GlobalSection(SolutionConfigurationPlatforms) = preSolution
		Debug|Any CPU = Debug|Any CPU
		Release|Any CPU = Release|Any CPU
	EndGlobalSection
	GlobalSection(ProjectConfigurationPlatforms) = postSolution
		{00100D42-513A-418A-92B4-062F03BBC666}.Debug|Any CPU.ActiveCfg = Debug|Any CPU
		{00100D42-513A-418A-92B4-062F03BBC666}.Debug|Any CPU.Build.0 = Debug|Any CPU
		{00100D42-513A-418A-92B4-062F03BBC666}.Release|Any CPU.ActiveCfg = Release|Any CPU
		{00100D42-513A-418A-92B4-062F03BBC666}.Release|Any CPU.Build.0 = Release|Any CPU
		{42954C1A-90F5-4BCF-B524-3054766032FA}.Debug|Any CPU.ActiveCfg = Debug|Any CPU
		{42954C1A-90F5-4BCF-B524-3054766032FA}.Debug|Any CPU.Build.0 = Debug|Any CPU
		{42954C1A-90F5-4BCF-B524-3054766032FA}.Release|Any CPU.ActiveCfg = Release|Any CPU
		{42954C1A-90F5-4BCF-B524-3054766032FA}.Release|Any CPU.Build.0 = Release|Any CPU
		{1A3CAFD1-5335-4D2B-BD0C-A55ACF72587E}.Debug|Any CPU.ActiveCfg = Debug|Any CPU
		{1A3CAFD1-5335-4D2B-BD0C-A55ACF72587E}.Debug|Any CPU.Build.0 = Debug|Any CPU
		{1A3CAFD1-5335-4D2B-BD0C-A55ACF72587E}.Release|Any CPU.ActiveCfg = Release|Any CPU
		{1A3CAFD1-5335-4D2B-BD0C-A55ACF72587E}.Release|Any CPU.Build.0 = Release|Any CPU
		{2B8A7A49-2A31-414C-89BD-890E8C243CC0}.Debug|Any CPU.ActiveCfg = Debug|Any CPU
		{2B8A7A49-2A31-414C-89BD-890E8C243CC0}.Debug|Any CPU.Build.0 = Debug|Any CPU
		{2B8A7A49-2A31-414C-89BD-890E8C243CC0}.Release|Any CPU.ActiveCfg = Release|Any CPU
		{2B8A7A49-2A31-414C-89BD-890E8C243CC0}.Release|Any CPU.Build.0 = Release|Any CPU
		{2382F31C-84B6-4569-9616-0A1AA6DC14BF}.Debug|Any CPU.ActiveCfg = Debug|Any CPU
		{2382F31C-84B6-4569-9616-0A1AA6DC14BF}.Debug|Any CPU.Build.0 = Debug|Any CPU
		{2382F31C-84B6-4569-9616-0A1AA6DC14BF}.Release|Any CPU.ActiveCfg = Release|Any CPU
		{2382F31C-84B6-4569-9616-0A1AA6DC14BF}.Release|Any CPU.Build.0 = Release|Any CPU
		{383AEC47-5ABE-48C0-9BA0-9033F0CC076F}.Debug|Any CPU.ActiveCfg = Debug|Any CPU
		{383AEC47-5ABE-48C0-9BA0-9033F0CC076F}.Debug|Any CPU.Build.0 = Debug|Any CPU
		{383AEC47-5ABE-48C0-9BA0-9033F0CC076F}.Release|Any CPU.ActiveCfg = Release|Any CPU
		{383AEC47-5ABE-48C0-9BA0-9033F0CC076F}.Release|Any CPU.Build.0 = Release|Any CPU
	EndGlobalSection
	GlobalSection(SolutionProperties) = preSolution
		HideSolutionNode = FALSE
	EndGlobalSection
	GlobalSection(ExtensibilityGlobals) = postSolution
		SolutionGuid = {39BDB0AD-450F-4CC4-BB99-69D569761FF1}
	EndGlobalSection
EndGlobal
