
Microsoft Visual Studio Solution File, Format Version 12.00
# Visual Studio Version 16
VisualStudioVersion = 16.0.30804.86
MinimumVisualStudioVersion = 10.0.40219.1
Project("{9A19103F-16F7-4668-BE54-9A1E7A4F7556}") = "Storage", "Storage\Storage.csproj", "{00100D42-513A-418A-92B4-062F03BBC666}"
EndProject
Project("{9A19103F-16F7-4668-BE54-9A1E7A4F7556}") = "Storage.Test", "Storage.Test\Storage.Test.csproj", "{42954C1A-90F5-4BCF-B524-3054766032FA}"
EndProject
Project("{9A19103F-16F7-4668-BE54-9A1E7A4F7556}") = "QueryWorker", "QueryWorker\QueryWorker.csproj", "{1A3CAFD1-5335-4D2B-BD0C-A55ACF72587E}"
EndProject
Project("{9A19103F-16F7-4668-BE54-9A1E7A4F7556}") = "QueryWorker.Test", "QueryWorker.Test\QueryWorker.Test.csproj", "{2B8A7A49-2A31-414C-89BD-890E8C243CC0}"
EndProject
Project("{2150E333-8FDC-42A3-9474-1A3956D46DE8}") = "Microservices", "Microservices", "{7805CE3E-3EE3-4BFA-B038-4A6DF21DC3A3}"
EndProject
Project("{2150E333-8FDC-42A3-9474-1A3956D46DE8}") = "Gateways", "Gateways", "{1D473EBA-70C7-49F1-B758-C750914CC6A3}"
EndProject
Project("{2150E333-8FDC-42A3-9474-1A3956D46DE8}") = "Libraries", "Libraries", "{5FBA355C-63CA-4C78-B561-A59DC68B679A}"
EndProject
Project("{2150E333-8FDC-42A3-9474-1A3956D46DE8}") = "Tests", "Tests", "{5E0A572C-F167-4FBC-A813-7333C915C6AE}"
EndProject
Project("{2150E333-8FDC-42A3-9474-1A3956D46DE8}") = "Tests", "Tests", "{6F6895F9-E75C-4067-867A-C1EEA31A3EA5}"
EndProject
Project("{9A19103F-16F7-4668-BE54-9A1E7A4F7556}") = "AdminGateway", "AdminGateway\AdminGateway.csproj", "{613A4E98-4C60-46DD-8765-532DF7AF48F0}"
EndProject
Project("{FAE04EC0-301F-11D3-BF4B-00C04F79EFBC}") = "Various", "Various\Various.csproj", "{AD8DF240-913A-45F4-BF9A-DED1B257D276}"
EndProject
Global
	GlobalSection(SolutionConfigurationPlatforms) = preSolution
		Debug|Any CPU = Debug|Any CPU
		Release|Any CPU = Release|Any CPU
	EndGlobalSection
	GlobalSection(ProjectConfigurationPlatforms) = postSolution
		{00100D42-513A-418A-92B4-062F03BBC666}.Debug|Any CPU.ActiveCfg = Debug|Any CPU
		{00100D42-513A-418A-92B4-062F03BBC666}.Debug|Any CPU.Build.0 = Debug|Any CPU
		{00100D42-513A-418A-92B4-062F03BBC666}.Release|Any CPU.ActiveCfg = Release|Any CPU
		{00100D42-513A-418A-92B4-062F03BBC666}.Release|Any CPU.Build.0 = Release|Any CPU
		{42954C1A-90F5-4BCF-B524-3054766032FA}.Debug|Any CPU.ActiveCfg = Debug|Any CPU
		{42954C1A-90F5-4BCF-B524-3054766032FA}.Debug|Any CPU.Build.0 = Debug|Any CPU
		{42954C1A-90F5-4BCF-B524-3054766032FA}.Release|Any CPU.ActiveCfg = Release|Any CPU
		{42954C1A-90F5-4BCF-B524-3054766032FA}.Release|Any CPU.Build.0 = Release|Any CPU
		{1A3CAFD1-5335-4D2B-BD0C-A55ACF72587E}.Debug|Any CPU.ActiveCfg = Debug|Any CPU
		{1A3CAFD1-5335-4D2B-BD0C-A55ACF72587E}.Debug|Any CPU.Build.0 = Debug|Any CPU
		{1A3CAFD1-5335-4D2B-BD0C-A55ACF72587E}.Release|Any CPU.ActiveCfg = Release|Any CPU
		{1A3CAFD1-5335-4D2B-BD0C-A55ACF72587E}.Release|Any CPU.Build.0 = Release|Any CPU
		{2B8A7A49-2A31-414C-89BD-890E8C243CC0}.Debug|Any CPU.ActiveCfg = Debug|Any CPU
		{2B8A7A49-2A31-414C-89BD-890E8C243CC0}.Debug|Any CPU.Build.0 = Debug|Any CPU
		{2B8A7A49-2A31-414C-89BD-890E8C243CC0}.Release|Any CPU.ActiveCfg = Release|Any CPU
		{2B8A7A49-2A31-414C-89BD-890E8C243CC0}.Release|Any CPU.Build.0 = Release|Any CPU
		{613A4E98-4C60-46DD-8765-532DF7AF48F0}.Debug|Any CPU.ActiveCfg = Debug|Any CPU
		{613A4E98-4C60-46DD-8765-532DF7AF48F0}.Debug|Any CPU.Build.0 = Debug|Any CPU
		{613A4E98-4C60-46DD-8765-532DF7AF48F0}.Release|Any CPU.ActiveCfg = Release|Any CPU
		{613A4E98-4C60-46DD-8765-532DF7AF48F0}.Release|Any CPU.Build.0 = Release|Any CPU
		{AD8DF240-913A-45F4-BF9A-DED1B257D276}.Debug|Any CPU.ActiveCfg = Debug|Any CPU
		{AD8DF240-913A-45F4-BF9A-DED1B257D276}.Debug|Any CPU.Build.0 = Debug|Any CPU
		{AD8DF240-913A-45F4-BF9A-DED1B257D276}.Release|Any CPU.ActiveCfg = Release|Any CPU
		{AD8DF240-913A-45F4-BF9A-DED1B257D276}.Release|Any CPU.Build.0 = Release|Any CPU
	EndGlobalSection
	GlobalSection(SolutionProperties) = preSolution
		HideSolutionNode = FALSE
	EndGlobalSection
	GlobalSection(NestedProjects) = preSolution
		{00100D42-513A-418A-92B4-062F03BBC666} = {7805CE3E-3EE3-4BFA-B038-4A6DF21DC3A3}
		{42954C1A-90F5-4BCF-B524-3054766032FA} = {5E0A572C-F167-4FBC-A813-7333C915C6AE}
		{1A3CAFD1-5335-4D2B-BD0C-A55ACF72587E} = {5FBA355C-63CA-4C78-B561-A59DC68B679A}
		{2B8A7A49-2A31-414C-89BD-890E8C243CC0} = {6F6895F9-E75C-4067-867A-C1EEA31A3EA5}
		{5E0A572C-F167-4FBC-A813-7333C915C6AE} = {7805CE3E-3EE3-4BFA-B038-4A6DF21DC3A3}
		{6F6895F9-E75C-4067-867A-C1EEA31A3EA5} = {5FBA355C-63CA-4C78-B561-A59DC68B679A}
		{613A4E98-4C60-46DD-8765-532DF7AF48F0} = {1D473EBA-70C7-49F1-B758-C750914CC6A3}
		{AD8DF240-913A-45F4-BF9A-DED1B257D276} = {5FBA355C-63CA-4C78-B561-A59DC68B679A}
	EndGlobalSection
	GlobalSection(ExtensibilityGlobals) = postSolution
		SolutionGuid = {39BDB0AD-450F-4CC4-BB99-69D569761FF1}
	EndGlobalSection
EndGlobal
